// !$*UTF8*$!
{
	archiveVersion = 1;
	classes = {
	};
	objectVersion = 50;
	objects = {

/* Begin PBXBuildFile section */
		9DCFACB22253495400EEED03 /* AppDelegate.m in Sources */ = {isa = PBXBuildFile; fileRef = 9DCFACB12253495400EEED03 /* AppDelegate.m */; };
		9DCFACB52253495400EEED03 /* ViewController.m in Sources */ = {isa = PBXBuildFile; fileRef = 9DCFACB42253495400EEED03 /* ViewController.m */; };
		9DCFACB82253495400EEED03 /* Main.storyboard in Resources */ = {isa = PBXBuildFile; fileRef = 9DCFACB62253495400EEED03 /* Main.storyboard */; };
		9DCFACBA2253495600EEED03 /* Assets.xcassets in Resources */ = {isa = PBXBuildFile; fileRef = 9DCFACB92253495600EEED03 /* Assets.xcassets */; };
		9DCFACBD2253495600EEED03 /* LaunchScreen.storyboard in Resources */ = {isa = PBXBuildFile; fileRef = 9DCFACBB2253495600EEED03 /* LaunchScreen.storyboard */; };
		9DCFACC02253495600EEED03 /* main.m in Sources */ = {isa = PBXBuildFile; fileRef = 9DCFACBF2253495600EEED03 /* main.m */; };
		9DCFACCA2253495600EEED03 /* ImageDemoTests.m in Sources */ = {isa = PBXBuildFile; fileRef = 9DCFACC92253495600EEED03 /* ImageDemoTests.m */; };
		9DCFACD52253495600EEED03 /* ImageDemoUITests.m in Sources */ = {isa = PBXBuildFile; fileRef = 9DCFACD42253495600EEED03 /* ImageDemoUITests.m */; };
/* End PBXBuildFile section */

/* Begin PBXContainerItemProxy section */
		9DCFACC62253495600EEED03 /* PBXContainerItemProxy */ = {
			isa = PBXContainerItemProxy;
			containerPortal = 9DCFACA52253495400EEED03 /* Project object */;
			proxyType = 1;
			remoteGlobalIDString = 9DCFACAC2253495400EEED03;
			remoteInfo = ImageDemo;
		};
		9DCFACD12253495600EEED03 /* PBXContainerItemProxy */ = {
			isa = PBXContainerItemProxy;
			containerPortal = 9DCFACA52253495400EEED03 /* Project object */;
			proxyType = 1;
			remoteGlobalIDString = 9DCFACAC2253495400EEED03;
			remoteInfo = ImageDemo;
		};
/* End PBXContainerItemProxy section */

/* Begin PBXFileReference section */
		9DCFACAD2253495400EEED03 /* ImageDemo.app */ = {isa = PBXFileReference; explicitFileType = wrapper.application; includeInIndex = 0; path = ImageDemo.app; sourceTree = BUILT_PRODUCTS_DIR; };
		9DCFACB02253495400EEED03 /* AppDelegate.h */ = {isa = PBXFileReference; lastKnownFileType = sourcecode.c.h; path = AppDelegate.h; sourceTree = "<group>"; };
		9DCFACB12253495400EEED03 /* AppDelegate.m */ = {isa = PBXFileReference; lastKnownFileType = sourcecode.c.objc; path = AppDelegate.m; sourceTree = "<group>"; };
		9DCFACB32253495400EEED03 /* ViewController.h */ = {isa = PBXFileReference; lastKnownFileType = sourcecode.c.h; path = ViewController.h; sourceTree = "<group>"; };
		9DCFACB42253495400EEED03 /* ViewController.m */ = {isa = PBXFileReference; lastKnownFileType = sourcecode.c.objc; path = ViewController.m; sourceTree = "<group>"; };
		9DCFACB72253495400EEED03 /* Base */ = {isa = PBXFileReference; lastKnownFileType = file.storyboard; name = Base; path = Base.lproj/Main.storyboard; sourceTree = "<group>"; };
		9DCFACB92253495600EEED03 /* Assets.xcassets */ = {isa = PBXFileReference; lastKnownFileType = folder.assetcatalog; path = Assets.xcassets; sourceTree = "<group>"; };
		9DCFACBC2253495600EEED03 /* Base */ = {isa = PBXFileReference; lastKnownFileType = file.storyboard; name = Base; path = Base.lproj/LaunchScreen.storyboard; sourceTree = "<group>"; };
		9DCFACBE2253495600EEED03 /* Info.plist */ = {isa = PBXFileReference; lastKnownFileType = text.plist.xml; path = Info.plist; sourceTree = "<group>"; };
		9DCFACBF2253495600EEED03 /* main.m */ = {isa = PBXFileReference; lastKnownFileType = sourcecode.c.objc; path = main.m; sourceTree = "<group>"; };
		9DCFACC52253495600EEED03 /* ImageDemoTests.xctest */ = {isa = PBXFileReference; explicitFileType = wrapper.cfbundle; includeInIndex = 0; path = ImageDemoTests.xctest; sourceTree = BUILT_PRODUCTS_DIR; };
		9DCFACC92253495600EEED03 /* ImageDemoTests.m */ = {isa = PBXFileReference; lastKnownFileType = sourcecode.c.objc; path = ImageDemoTests.m; sourceTree = "<group>"; };
		9DCFACCB2253495600EEED03 /* Info.plist */ = {isa = PBXFileReference; lastKnownFileType = text.plist.xml; path = Info.plist; sourceTree = "<group>"; };
		9DCFACD02253495600EEED03 /* ImageDemoUITests.xctest */ = {isa = PBXFileReference; explicitFileType = wrapper.cfbundle; includeInIndex = 0; path = ImageDemoUITests.xctest; sourceTree = BUILT_PRODUCTS_DIR; };
		9DCFACD42253495600EEED03 /* ImageDemoUITests.m */ = {isa = PBXFileReference; lastKnownFileType = sourcecode.c.objc; path = ImageDemoUITests.m; sourceTree = "<group>"; };
		9DCFACD62253495600EEED03 /* Info.plist */ = {isa = PBXFileReference; lastKnownFileType = text.plist.xml; path = Info.plist; sourceTree = "<group>"; };
/* End PBXFileReference section */

/* Begin PBXFrameworksBuildPhase section */
		9DCFACAA2253495400EEED03 /* Frameworks */ = {
			isa = PBXFrameworksBuildPhase;
			buildActionMask = 2147483647;
			files = (
			);
			runOnlyForDeploymentPostprocessing = 0;
		};
		9DCFACC22253495600EEED03 /* Frameworks */ = {
			isa = PBXFrameworksBuildPhase;
			buildActionMask = 2147483647;
			files = (
			);
			runOnlyForDeploymentPostprocessing = 0;
		};
		9DCFACCD2253495600EEED03 /* Frameworks */ = {
			isa = PBXFrameworksBuildPhase;
			buildActionMask = 2147483647;
			files = (
			);
			runOnlyForDeploymentPostprocessing = 0;
		};
/* End PBXFrameworksBuildPhase section */

/* Begin PBXGroup section */
		9DCFACA42253495400EEED03 = {
			isa = PBXGroup;
			children = (
				9DCFACAF2253495400EEED03 /* ImageDemo */,
				9DCFACC82253495600EEED03 /* ImageDemoTests */,
				9DCFACD32253495600EEED03 /* ImageDemoUITests */,
				9DCFACAE2253495400EEED03 /* Products */,
			);
			sourceTree = "<group>";
		};
		9DCFACAE2253495400EEED03 /* Products */ = {
			isa = PBXGroup;
			children = (
				9DCFACAD2253495400EEED03 /* ImageDemo.app */,
				9DCFACC52253495600EEED03 /* ImageDemoTests.xctest */,
				9DCFACD02253495600EEED03 /* ImageDemoUITests.xctest */,
			);
			name = Products;
			sourceTree = "<group>";
		};
		9DCFACAF2253495400EEED03 /* ImageDemo */ = {
			isa = PBXGroup;
			children = (
				9DCFACB02253495400EEED03 /* AppDelegate.h */,
				9DCFACB12253495400EEED03 /* AppDelegate.m */,
				9DCFACB32253495400EEED03 /* ViewController.h */,
				9DCFACB42253495400EEED03 /* ViewController.m */,
				9DCFACB62253495400EEED03 /* Main.storyboard */,
				9DCFACB92253495600EEED03 /* Assets.xcassets */,
				9DCFACBB2253495600EEED03 /* LaunchScreen.storyboard */,
				9DCFACBE2253495600EEED03 /* Info.plist */,
				9DCFACBF2253495600EEED03 /* main.m */,
			);
			path = ImageDemo;
			sourceTree = "<group>";
		};
		9DCFACC82253495600EEED03 /* ImageDemoTests */ = {
			isa = PBXGroup;
			children = (
				9DCFACC92253495600EEED03 /* ImageDemoTests.m */,
				9DCFACCB2253495600EEED03 /* Info.plist */,
			);
			path = ImageDemoTests;
			sourceTree = "<group>";
		};
		9DCFACD32253495600EEED03 /* ImageDemoUITests */ = {
			isa = PBXGroup;
			children = (
				9DCFACD42253495600EEED03 /* ImageDemoUITests.m */,
				9DCFACD62253495600EEED03 /* Info.plist */,
			);
			path = ImageDemoUITests;
			sourceTree = "<group>";
		};
/* End PBXGroup section */

/* Begin PBXNativeTarget section */
		9DCFACAC2253495400EEED03 /* ImageDemo */ = {
			isa = PBXNativeTarget;
			buildConfigurationList = 9DCFACD92253495600EEED03 /* Build configuration list for PBXNativeTarget "ImageDemo" */;
			buildPhases = (
				9DCFACA92253495400EEED03 /* Sources */,
				9DCFACAA2253495400EEED03 /* Frameworks */,
				9DCFACAB2253495400EEED03 /* Resources */,
			);
			buildRules = (
			);
			dependencies = (
			);
			name = ImageDemo;
			productName = ImageDemo;
			productReference = 9DCFACAD2253495400EEED03 /* ImageDemo.app */;
			productType = "com.apple.product-type.application";
		};
		9DCFACC42253495600EEED03 /* ImageDemoTests */ = {
			isa = PBXNativeTarget;
			buildConfigurationList = 9DCFACDC2253495600EEED03 /* Build configuration list for PBXNativeTarget "ImageDemoTests" */;
			buildPhases = (
				9DCFACC12253495600EEED03 /* Sources */,
				9DCFACC22253495600EEED03 /* Frameworks */,
				9DCFACC32253495600EEED03 /* Resources */,
			);
			buildRules = (
			);
			dependencies = (
				9DCFACC72253495600EEED03 /* PBXTargetDependency */,
			);
			name = ImageDemoTests;
			productName = ImageDemoTests;
			productReference = 9DCFACC52253495600EEED03 /* ImageDemoTests.xctest */;
			productType = "com.apple.product-type.bundle.unit-test";
		};
		9DCFACCF2253495600EEED03 /* ImageDemoUITests */ = {
			isa = PBXNativeTarget;
			buildConfigurationList = 9DCFACDF2253495600EEED03 /* Build configuration list for PBXNativeTarget "ImageDemoUITests" */;
			buildPhases = (
				9DCFACCC2253495600EEED03 /* Sources */,
				9DCFACCD2253495600EEED03 /* Frameworks */,
				9DCFACCE2253495600EEED03 /* Resources */,
			);
			buildRules = (
			);
			dependencies = (
				9DCFACD22253495600EEED03 /* PBXTargetDependency */,
			);
			name = ImageDemoUITests;
			productName = ImageDemoUITests;
			productReference = 9DCFACD02253495600EEED03 /* ImageDemoUITests.xctest */;
			productType = "com.apple.product-type.bundle.ui-testing";
		};
/* End PBXNativeTarget section */

/* Begin PBXProject section */
		9DCFACA52253495400EEED03 /* Project object */ = {
			isa = PBXProject;
			attributes = {
				LastUpgradeCheck = 1010;
				ORGANIZATIONNAME = caoxuerui;
				TargetAttributes = {
					9DCFACAC2253495400EEED03 = {
						CreatedOnToolsVersion = 10.1;
					};
					9DCFACC42253495600EEED03 = {
						CreatedOnToolsVersion = 10.1;
						TestTargetID = 9DCFACAC2253495400EEED03;
					};
					9DCFACCF2253495600EEED03 = {
						CreatedOnToolsVersion = 10.1;
						TestTargetID = 9DCFACAC2253495400EEED03;
					};
				};
			};
			buildConfigurationList = 9DCFACA82253495400EEED03 /* Build configuration list for PBXProject "ImageDemo" */;
			compatibilityVersion = "Xcode 9.3";
			developmentRegion = en;
			hasScannedForEncodings = 0;
			knownRegions = (
				en,
				Base,
			);
			mainGroup = 9DCFACA42253495400EEED03;
			productRefGroup = 9DCFACAE2253495400EEED03 /* Products */;
			projectDirPath = "";
			projectRoot = "";
			targets = (
				9DCFACAC2253495400EEED03 /* ImageDemo */,
				9DCFACC42253495600EEED03 /* ImageDemoTests */,
				9DCFACCF2253495600EEED03 /* ImageDemoUITests */,
			);
		};
/* End PBXProject section */

/* Begin PBXResourcesBuildPhase section */
		9DCFACAB2253495400EEED03 /* Resources */ = {
			isa = PBXResourcesBuildPhase;
			buildActionMask = 2147483647;
			files = (
				9DCFACBD2253495600EEED03 /* LaunchScreen.storyboard in Resources */,
				9DCFACBA2253495600EEED03 /* Assets.xcassets in Resources */,
				9DCFACB82253495400EEED03 /* Main.storyboard in Resources */,
			);
			runOnlyForDeploymentPostprocessing = 0;
		};
		9DCFACC32253495600EEED03 /* Resources */ = {
			isa = PBXResourcesBuildPhase;
			buildActionMask = 2147483647;
			files = (
			);
			runOnlyForDeploymentPostprocessing = 0;
		};
		9DCFACCE2253495600EEED03 /* Resources */ = {
			isa = PBXResourcesBuildPhase;
			buildActionMask = 2147483647;
			files = (
			);
			runOnlyForDeploymentPostprocessing = 0;
		};
/* End PBXResourcesBuildPhase section */

/* Begin PBXSourcesBuildPhase section */
		9DCFACA92253495400EEED03 /* Sources */ = {
			isa = PBXSourcesBuildPhase;
			buildActionMask = 2147483647;
			files = (
				9DCFACB52253495400EEED03 /* ViewController.m in Sources */,
				9DCFACC02253495600EEED03 /* main.m in Sources */,
				9DCFACB22253495400EEED03 /* AppDelegate.m in Sources */,
			);
			runOnlyForDeploymentPostprocessing = 0;
		};
		9DCFACC12253495600EEED03 /* Sources */ = {
			isa = PBXSourcesBuildPhase;
			buildActionMask = 2147483647;
			files = (
				9DCFACCA2253495600EEED03 /* ImageDemoTests.m in Sources */,
			);
			runOnlyForDeploymentPostprocessing = 0;
		};
		9DCFACCC2253495600EEED03 /* Sources */ = {
			isa = PBXSourcesBuildPhase;
			buildActionMask = 2147483647;
			files = (
				9DCFACD52253495600EEED03 /* ImageDemoUITests.m in Sources */,
			);
			runOnlyForDeploymentPostprocessing = 0;
		};
/* End PBXSourcesBuildPhase section */

/* Begin PBXTargetDependency section */
		9DCFACC72253495600EEED03 /* PBXTargetDependency */ = {
			isa = PBXTargetDependency;
			target = 9DCFACAC2253495400EEED03 /* ImageDemo */;
			targetProxy = 9DCFACC62253495600EEED03 /* PBXContainerItemProxy */;
		};
		9DCFACD22253495600EEED03 /* PBXTargetDependency */ = {
			isa = PBXTargetDependency;
			target = 9DCFACAC2253495400EEED03 /* ImageDemo */;
			targetProxy = 9DCFACD12253495600EEED03 /* PBXContainerItemProxy */;
		};
/* End PBXTargetDependency section */

/* Begin PBXVariantGroup section */
		9DCFACB62253495400EEED03 /* Main.storyboard */ = {
			isa = PBXVariantGroup;
			children = (
				9DCFACB72253495400EEED03 /* Base */,
			);
			name = Main.storyboard;
			sourceTree = "<group>";
		};
		9DCFACBB2253495600EEED03 /* LaunchScreen.storyboard */ = {
			isa = PBXVariantGroup;
			children = (
				9DCFACBC2253495600EEED03 /* Base */,
			);
			name = LaunchScreen.storyboard;
			sourceTree = "<group>";
		};
/* End PBXVariantGroup section */

/* Begin XCBuildConfiguration section */
		9DCFACD72253495600EEED03 /* Debug */ = {
			isa = XCBuildConfiguration;
			buildSettings = {
				ALWAYS_SEARCH_USER_PATHS = NO;
				CLANG_ANALYZER_NONNULL = YES;
				CLANG_ANALYZER_NUMBER_OBJECT_CONVERSION = YES_AGGRESSIVE;
				CLANG_CXX_LANGUAGE_STANDARD = "gnu++14";
				CLANG_CXX_LIBRARY = "libc++";
				CLANG_ENABLE_MODULES = YES;
				CLANG_ENABLE_OBJC_ARC = YES;
				CLANG_ENABLE_OBJC_WEAK = YES;
				CLANG_WARN_BLOCK_CAPTURE_AUTORELEASING = YES;
				CLANG_WARN_BOOL_CONVERSION = YES;
				CLANG_WARN_COMMA = YES;
				CLANG_WARN_CONSTANT_CONVERSION = YES;
				CLANG_WARN_DEPRECATED_OBJC_IMPLEMENTATIONS = YES;
				CLANG_WARN_DIRECT_OBJC_ISA_USAGE = YES_ERROR;
				CLANG_WARN_DOCUMENTATION_COMMENTS = YES;
				CLANG_WARN_EMPTY_BODY = YES;
				CLANG_WARN_ENUM_CONVERSION = YES;
				CLANG_WARN_INFINITE_RECURSION = YES;
				CLANG_WARN_INT_CONVERSION = YES;
				CLANG_WARN_NON_LITERAL_NULL_CONVERSION = YES;
				CLANG_WARN_OBJC_IMPLICIT_RETAIN_SELF = YES;
				CLANG_WARN_OBJC_LITERAL_CONVERSION = YES;
				CLANG_WARN_OBJC_ROOT_CLASS = YES_ERROR;
				CLANG_WARN_RANGE_LOOP_ANALYSIS = YES;
				CLANG_WARN_STRICT_PROTOTYPES = YES;
				CLANG_WARN_SUSPICIOUS_MOVE = YES;
				CLANG_WARN_UNGUARDED_AVAILABILITY = YES_AGGRESSIVE;
				CLANG_WARN_UNREACHABLE_CODE = YES;
				CLANG_WARN__DUPLICATE_METHOD_MATCH = YES;
				CODE_SIGN_IDENTITY = "iPhone Developer";
				COPY_PHASE_STRIP = NO;
				DEBUG_INFORMATION_FORMAT = dwarf;
				ENABLE_STRICT_OBJC_MSGSEND = YES;
				ENABLE_TESTABILITY = YES;
				GCC_C_LANGUAGE_STANDARD = gnu11;
				GCC_DYNAMIC_NO_PIC = NO;
				GCC_NO_COMMON_BLOCKS = YES;
				GCC_OPTIMIZATION_LEVEL = 0;
				GCC_PREPROCESSOR_DEFINITIONS = (
					"DEBUG=1",
					"$(inherited)",
				);
				GCC_WARN_64_TO_32_BIT_CONVERSION = YES;
				GCC_WARN_ABOUT_RETURN_TYPE = YES_ERROR;
				GCC_WARN_UNDECLARED_SELECTOR = YES;
				GCC_WARN_UNINITIALIZED_AUTOS = YES_AGGRESSIVE;
				GCC_WARN_UNUSED_FUNCTION = YES;
				GCC_WARN_UNUSED_VARIABLE = YES;
				IPHONEOS_DEPLOYMENT_TARGET = 12.1;
				MTL_ENABLE_DEBUG_INFO = INCLUDE_SOURCE;
				MTL_FAST_MATH = YES;
				ONLY_ACTIVE_ARCH = YES;
				SDKROOT = iphoneos;
			};
			name = Debug;
		};
		9DCFACD82253495600EEED03 /* Release */ = {
			isa = XCBuildConfiguration;
			buildSettings = {
				ALWAYS_SEARCH_USER_PATHS = NO;
				CLANG_ANALYZER_NONNULL = YES;
				CLANG_ANALYZER_NUMBER_OBJECT_CONVERSION = YES_AGGRESSIVE;
				CLANG_CXX_LANGUAGE_STANDARD = "gnu++14";
				CLANG_CXX_LIBRARY = "libc++";
				CLANG_ENABLE_MODULES = YES;
				CLANG_ENABLE_OBJC_ARC = YES;
				CLANG_ENABLE_OBJC_WEAK = YES;
				CLANG_WARN_BLOCK_CAPTURE_AUTORELEASING = YES;
				CLANG_WARN_BOOL_CONVERSION = YES;
				CLANG_WARN_COMMA = YES;
				CLANG_WARN_CONSTANT_CONVERSION = YES;
				CLANG_WARN_DEPRECATED_OBJC_IMPLEMENTATIONS = YES;
				CLANG_WARN_DIRECT_OBJC_ISA_USAGE = YES_ERROR;
				CLANG_WARN_DOCUMENTATION_COMMENTS = YES;
				CLANG_WARN_EMPTY_BODY = YES;
				CLANG_WARN_ENUM_CONVERSION = YES;
				CLANG_WARN_INFINITE_RECURSION = YES;
				CLANG_WARN_INT_CONVERSION = YES;
				CLANG_WARN_NON_LITERAL_NULL_CONVERSION = YES;
				CLANG_WARN_OBJC_IMPLICIT_RETAIN_SELF = YES;
				CLANG_WARN_OBJC_LITERAL_CONVERSION = YES;
				CLANG_WARN_OBJC_ROOT_CLASS = YES_ERROR;
				CLANG_WARN_RANGE_LOOP_ANALYSIS = YES;
				CLANG_WARN_STRICT_PROTOTYPES = YES;
				CLANG_WARN_SUSPICIOUS_MOVE = YES;
				CLANG_WARN_UNGUARDED_AVAILABILITY = YES_AGGRESSIVE;
				CLANG_WARN_UNREACHABLE_CODE = YES;
				CLANG_WARN__DUPLICATE_METHOD_MATCH = YES;
				CODE_SIGN_IDENTITY = "iPhone Developer";
				COPY_PHASE_STRIP = NO;
				DEBUG_INFORMATION_FORMAT = "dwarf-with-dsym";
				ENABLE_NS_ASSERTIONS = NO;
				ENABLE_STRICT_OBJC_MSGSEND = YES;
				GCC_C_LANGUAGE_STANDARD = gnu11;
				GCC_NO_COMMON_BLOCKS = YES;
				GCC_WARN_64_TO_32_BIT_CONVERSION = YES;
				GCC_WARN_ABOUT_RETURN_TYPE = YES_ERROR;
				GCC_WARN_UNDECLARED_SELECTOR = YES;
				GCC_WARN_UNINITIALIZED_AUTOS = YES_AGGRESSIVE;
				GCC_WARN_UNUSED_FUNCTION = YES;
				GCC_WARN_UNUSED_VARIABLE = YES;
				IPHONEOS_DEPLOYMENT_TARGET = 12.1;
				MTL_ENABLE_DEBUG_INFO = NO;
				MTL_FAST_MATH = YES;
				SDKROOT = iphoneos;
				VALIDATE_PRODUCT = YES;
			};
			name = Release;
		};
		9DCFACDA2253495600EEED03 /* Debug */ = {
			isa = XCBuildConfiguration;
			buildSettings = {
				ASSETCATALOG_COMPILER_APPICON_NAME = AppIcon;
				CODE_SIGN_STYLE = Automatic;
				DEVELOPMENT_TEAM = DBG8ET4E72;
				INFOPLIST_FILE = ImageDemo/Info.plist;
				LD_RUNPATH_SEARCH_PATHS = (
					"$(inherited)",
					"@executable_path/Frameworks",
				);
				PRODUCT_BUNDLE_IDENTIFIER = caoxuerui.ImageDemo;
				PRODUCT_NAME = "$(TARGET_NAME)";
				TARGETED_DEVICE_FAMILY = "1,2";
			};
			name = Debug;
		};
		9DCFACDB2253495600EEED03 /* Release */ = {
			isa = XCBuildConfiguration;
			buildSettings = {
				ASSETCATALOG_COMPILER_APPICON_NAME = AppIcon;
				CODE_SIGN_STYLE = Automatic;
				DEVELOPMENT_TEAM = DBG8ET4E72;
				INFOPLIST_FILE = ImageDemo/Info.plist;
				LD_RUNPATH_SEARCH_PATHS = (
					"$(inherited)",
					"@executable_path/Frameworks",
				);
				PRODUCT_BUNDLE_IDENTIFIER = caoxuerui.ImageDemo;
				PRODUCT_NAME = "$(TARGET_NAME)";
				TARGETED_DEVICE_FAMILY = "1,2";
			};
			name = Release;
		};
		9DCFACDD2253495600EEED03 /* Debug */ = {
			isa = XCBuildConfiguration;
			buildSettings = {
				BUNDLE_LOADER = "$(TEST_HOST)";
				CODE_SIGN_STYLE = Automatic;
				DEVELOPMENT_TEAM = DBG8ET4E72;
				INFOPLIST_FILE = ImageDemoTests/Info.plist;
				LD_RUNPATH_SEARCH_PATHS = (
					"$(inherited)",
					"@executable_path/Frameworks",
					"@loader_path/Frameworks",
				);
				PRODUCT_BUNDLE_IDENTIFIER = caoxuerui.ImageDemoTests;
				PRODUCT_NAME = "$(TARGET_NAME)";
				TARGETED_DEVICE_FAMILY = "1,2";
				TEST_HOST = "$(BUILT_PRODUCTS_DIR)/ImageDemo.app/ImageDemo";
			};
			name = Debug;
		};
		9DCFACDE2253495600EEED03 /* Release */ = {
			isa = XCBuildConfiguration;
			buildSettings = {
				BUNDLE_LOADER = "$(TEST_HOST)";
				CODE_SIGN_STYLE = Automatic;
				DEVELOPMENT_TEAM = DBG8ET4E72;
				INFOPLIST_FILE = ImageDemoTests/Info.plist;
				LD_RUNPATH_SEARCH_PATHS = (
					"$(inherited)",
					"@executable_path/Frameworks",
					"@loader_path/Frameworks",
				);
				PRODUCT_BUNDLE_IDENTIFIER = caoxuerui.ImageDemoTests;
				PRODUCT_NAME = "$(TARGET_NAME)";
				TARGETED_DEVICE_FAMILY = "1,2";
				TEST_HOST = "$(BUILT_PRODUCTS_DIR)/ImageDemo.app/ImageDemo";
			};
			name = Release;
		};
		9DCFACE02253495600EEED03 /* Debug */ = {
			isa = XCBuildConfiguration;
			buildSettings = {
				CODE_SIGN_STYLE = Automatic;
				DEVELOPMENT_TEAM = DBG8ET4E72;
				INFOPLIST_FILE = ImageDemoUITests/Info.plist;
				LD_RUNPATH_SEARCH_PATHS = (
					"$(inherited)",
					"@executable_path/Frameworks",
					"@loader_path/Frameworks",
				);
				PRODUCT_BUNDLE_IDENTIFIER = caoxuerui.ImageDemoUITests;
				PRODUCT_NAME = "$(TARGET_NAME)";
				TARGETED_DEVICE_FAMILY = "1,2";
				TEST_TARGET_NAME = ImageDemo;
			};
			name = Debug;
		};
		9DCFACE12253495600EEED03 /* Release */ = {
			isa = XCBuildConfiguration;
			buildSettings = {
				CODE_SIGN_STYLE = Automatic;
				DEVELOPMENT_TEAM = DBG8ET4E72;
				INFOPLIST_FILE = ImageDemoUITests/Info.plist;
				LD_RUNPATH_SEARCH_PATHS = (
					"$(inherited)",
					"@executable_path/Frameworks",
					"@loader_path/Frameworks",
				);
				PRODUCT_BUNDLE_IDENTIFIER = caoxuerui.ImageDemoUITests;
				PRODUCT_NAME = "$(TARGET_NAME)";
				TARGETED_DEVICE_FAMILY = "1,2";
				TEST_TARGET_NAME = ImageDemo;
			};
			name = Release;
		};
/* End XCBuildConfiguration section */

/* Begin XCConfigurationList section */
		9DCFACA82253495400EEED03 /* Build configuration list for PBXProject "ImageDemo" */ = {
			isa = XCConfigurationList;
			buildConfigurations = (
				9DCFACD72253495600EEED03 /* Debug */,
				9DCFACD82253495600EEED03 /* Release */,
			);
			defaultConfigurationIsVisible = 0;
			defaultConfigurationName = Release;
		};
		9DCFACD92253495600EEED03 /* Build configuration list for PBXNativeTarget "ImageDemo" */ = {
			isa = XCConfigurationList;
			buildConfigurations = (
				9DCFACDA2253495600EEED03 /* Debug */,
				9DCFACDB2253495600EEED03 /* Release */,
			);
			defaultConfigurationIsVisible = 0;
			defaultConfigurationName = Release;
		};
		9DCFACDC2253495600EEED03 /* Build configuration list for PBXNativeTarget "ImageDemoTests" */ = {
			isa = XCConfigurationList;
			buildConfigurations = (
				9DCFACDD2253495600EEED03 /* Debug */,
				9DCFACDE2253495600EEED03 /* Release */,
			);
			defaultConfigurationIsVisible = 0;
			defaultConfigurationName = Release;
		};
		9DCFACDF2253495600EEED03 /* Build configuration list for PBXNativeTarget "ImageDemoUITests" */ = {
			isa = XCConfigurationList;
			buildConfigurations = (
				9DCFACE02253495600EEED03 /* Debug */,
				9DCFACE12253495600EEED03 /* Release */,
			);
			defaultConfigurationIsVisible = 0;
			defaultConfigurationName = Release;
		};
/* End XCConfigurationList section */
	};
	rootObject = 9DCFACA52253495400EEED03 /* Project object */;
}
